
Microsoft Visual Studio Solution File, Format Version 12.00
# Visual Studio Version 17
VisualStudioVersion = 17.4.33213.308
MinimumVisualStudioVersion = 10.0.40219.1
Project("{FAE04EC0-301F-11D3-BF4B-00C04F79EFBC}") = "LiveWhiskyAuctions.Android", "LiveWhiskyAuctions\LiveWhiskyAuctions.Android\LiveWhiskyAuctions.Android.csproj", "{BD3B5460-8623-49D4-8134-3EA2E5CF042B}"
EndProject
Project("{FAE04EC0-301F-11D3-BF4B-00C04F79EFBC}") = "LiveWhiskyAuctions.iOS", "LiveWhiskyAuctions\LiveWhiskyAuctions.iOS\LiveWhiskyAuctions.iOS.csproj", "{9307AE42-1A9B-4650-9ABD-210D11AC36FB}"
EndProject
Project("{FAE04EC0-301F-11D3-BF4B-00C04F79EFBC}") = "LiveWhiskyAuctions", "LiveWhiskyAuctions\LiveWhiskyAuctions\LiveWhiskyAuctions.csproj", "{F18BC5A1-50DD-4E3D-8C2D-E4D3EBAC3347}"
EndProject
Global
	GlobalSection(SolutionConfigurationPlatforms) = preSolution
		Debug|Any CPU = Debug|Any CPU
		Debug|iPhone = Debug|iPhone
		Debug|iPhoneSimulator = Debug|iPhoneSimulator
		Release|Any CPU = Release|Any CPU
		Release|iPhone = Release|iPhone
		Release|iPhoneSimulator = Release|iPhoneSimulator
	EndGlobalSection
	GlobalSection(ProjectConfigurationPlatforms) = postSolution
		{BD3B5460-8623-49D4-8134-3EA2E5CF042B}.Debug|Any CPU.ActiveCfg = Debug|Any CPU
		{BD3B5460-8623-49D4-8134-3EA2E5CF042B}.Debug|Any CPU.Build.0 = Debug|Any CPU
		{BD3B5460-8623-49D4-8134-3EA2E5CF042B}.Debug|Any CPU.Deploy.0 = Debug|Any CPU
		{BD3B5460-8623-49D4-8134-3EA2E5CF042B}.Debug|iPhone.ActiveCfg = Debug|Any CPU
		{BD3B5460-8623-49D4-8134-3EA2E5CF042B}.Debug|iPhone.Build.0 = Debug|Any CPU
		{BD3B5460-8623-49D4-8134-3EA2E5CF042B}.Debug|iPhone.Deploy.0 = Debug|Any CPU
		{BD3B5460-8623-49D4-8134-3EA2E5CF042B}.Debug|iPhoneSimulator.ActiveCfg = Debug|Any CPU
		{BD3B5460-8623-49D4-8134-3EA2E5CF042B}.Debug|iPhoneSimulator.Build.0 = Debug|Any CPU
		{BD3B5460-8623-49D4-8134-3EA2E5CF042B}.Debug|iPhoneSimulator.Deploy.0 = Debug|Any CPU
		{BD3B5460-8623-49D4-8134-3EA2E5CF042B}.Release|Any CPU.ActiveCfg = Release|Any CPU
		{BD3B5460-8623-49D4-8134-3EA2E5CF042B}.Release|Any CPU.Build.0 = Release|Any CPU
		{BD3B5460-8623-49D4-8134-3EA2E5CF042B}.Release|Any CPU.Deploy.0 = Release|Any CPU
		{BD3B5460-8623-49D4-8134-3EA2E5CF042B}.Release|iPhone.ActiveCfg = Release|Any CPU
		{BD3B5460-8623-49D4-8134-3EA2E5CF042B}.Release|iPhone.Build.0 = Release|Any CPU
		{BD3B5460-8623-49D4-8134-3EA2E5CF042B}.Release|iPhone.Deploy.0 = Release|Any CPU
		{BD3B5460-8623-49D4-8134-3EA2E5CF042B}.Release|iPhoneSimulator.ActiveCfg = Release|Any CPU
		{BD3B5460-8623-49D4-8134-3EA2E5CF042B}.Release|iPhoneSimulator.Build.0 = Release|Any CPU
		{BD3B5460-8623-49D4-8134-3EA2E5CF042B}.Release|iPhoneSimulator.Deploy.0 = Release|Any CPU
		{9307AE42-1A9B-4650-9ABD-210D11AC36FB}.Debug|Any CPU.ActiveCfg = Debug|iPhone
		{9307AE42-1A9B-4650-9ABD-210D11AC36FB}.Debug|Any CPU.Build.0 = Debug|iPhone
		{9307AE42-1A9B-4650-9ABD-210D11AC36FB}.Debug|Any CPU.Deploy.0 = Debug|iPhone
		{9307AE42-1A9B-4650-9ABD-210D11AC36FB}.Debug|iPhone.ActiveCfg = Debug|iPhone
		{9307AE42-1A9B-4650-9ABD-210D11AC36FB}.Debug|iPhone.Build.0 = Debug|iPhone
		{9307AE42-1A9B-4650-9ABD-210D11AC36FB}.Debug|iPhone.Deploy.0 = Debug|iPhone
		{9307AE42-1A9B-4650-9ABD-210D11AC36FB}.Debug|iPhoneSimulator.ActiveCfg = Debug|iPhoneSimulator
		{9307AE42-1A9B-4650-9ABD-210D11AC36FB}.Debug|iPhoneSimulator.Build.0 = Debug|iPhoneSimulator
		{9307AE42-1A9B-4650-9ABD-210D11AC36FB}.Debug|iPhoneSimulator.Deploy.0 = Debug|iPhoneSimulator
		{9307AE42-1A9B-4650-9ABD-210D11AC36FB}.Release|Any CPU.ActiveCfg = Release|iPhoneSimulator
		{9307AE42-1A9B-4650-9ABD-210D11AC36FB}.Release|Any CPU.Build.0 = Release|iPhoneSimulator
		{9307AE42-1A9B-4650-9ABD-210D11AC36FB}.Release|Any CPU.Deploy.0 = Release|iPhoneSimulator
		{9307AE42-1A9B-4650-9ABD-210D11AC36FB}.Release|iPhone.ActiveCfg = Release|iPhone
		{9307AE42-1A9B-4650-9ABD-210D11AC36FB}.Release|iPhone.Build.0 = Release|iPhone
		{9307AE42-1A9B-4650-9ABD-210D11AC36FB}.Release|iPhone.Deploy.0 = Release|iPhone
		{9307AE42-1A9B-4650-9ABD-210D11AC36FB}.Release|iPhoneSimulator.ActiveCfg = Release|iPhoneSimulator
		{9307AE42-1A9B-4650-9ABD-210D11AC36FB}.Release|iPhoneSimulator.Build.0 = Release|iPhoneSimulator
		{9307AE42-1A9B-4650-9ABD-210D11AC36FB}.Release|iPhoneSimulator.Deploy.0 = Release|iPhoneSimulator
		{F18BC5A1-50DD-4E3D-8C2D-E4D3EBAC3347}.Debug|Any CPU.ActiveCfg = Debug|Any CPU
		{F18BC5A1-50DD-4E3D-8C2D-E4D3EBAC3347}.Debug|Any CPU.Build.0 = Debug|Any CPU
		{F18BC5A1-50DD-4E3D-8C2D-E4D3EBAC3347}.Debug|Any CPU.Deploy.0 = Debug|Any CPU
		{F18BC5A1-50DD-4E3D-8C2D-E4D3EBAC3347}.Debug|iPhone.ActiveCfg = Debug|Any CPU
		{F18BC5A1-50DD-4E3D-8C2D-E4D3EBAC3347}.Debug|iPhone.Build.0 = Debug|Any CPU
		{F18BC5A1-50DD-4E3D-8C2D-E4D3EBAC3347}.Debug|iPhone.Deploy.0 = Debug|Any CPU
		{F18BC5A1-50DD-4E3D-8C2D-E4D3EBAC3347}.Debug|iPhoneSimulator.ActiveCfg = Debug|Any CPU
		{F18BC5A1-50DD-4E3D-8C2D-E4D3EBAC3347}.Debug|iPhoneSimulator.Build.0 = Debug|Any CPU
		{F18BC5A1-50DD-4E3D-8C2D-E4D3EBAC3347}.Debug|iPhoneSimulator.Deploy.0 = Debug|Any CPU
		{F18BC5A1-50DD-4E3D-8C2D-E4D3EBAC3347}.Release|Any CPU.ActiveCfg = Release|Any CPU
		{F18BC5A1-50DD-4E3D-8C2D-E4D3EBAC3347}.Release|Any CPU.Build.0 = Release|Any CPU
		{F18BC5A1-50DD-4E3D-8C2D-E4D3EBAC3347}.Release|Any CPU.Deploy.0 = Release|Any CPU
		{F18BC5A1-50DD-4E3D-8C2D-E4D3EBAC3347}.Release|iPhone.ActiveCfg = Release|Any CPU
		{F18BC5A1-50DD-4E3D-8C2D-E4D3EBAC3347}.Release|iPhone.Build.0 = Release|Any CPU
		{F18BC5A1-50DD-4E3D-8C2D-E4D3EBAC3347}.Release|iPhone.Deploy.0 = Release|Any CPU
		{F18BC5A1-50DD-4E3D-8C2D-E4D3EBAC3347}.Release|iPhoneSimulator.ActiveCfg = Release|Any CPU
		{F18BC5A1-50DD-4E3D-8C2D-E4D3EBAC3347}.Release|iPhoneSimulator.Build.0 = Release|Any CPU
		{F18BC5A1-50DD-4E3D-8C2D-E4D3EBAC3347}.Release|iPhoneSimulator.Deploy.0 = Release|Any CPU
	EndGlobalSection
	GlobalSection(SolutionProperties) = preSolution
		HideSolutionNode = FALSE
	EndGlobalSection
	GlobalSection(ExtensibilityGlobals) = postSolution
		SolutionGuid = {43D47B6D-DC89-4868-BCC7-20EB2B02197C}
	EndGlobalSection
EndGlobal
